
Microsoft Visual Studio Solution File, Format Version 12.00
# Visual Studio Version 17
VisualStudioVersion = 17.9.34622.214
MinimumVisualStudioVersion = 10.0.40219.1
Project("{FAE04EC0-301F-11D3-BF4B-00C04F79EFBC}") = "cafezito", "cafezito\cafezito.csproj", "{F40F5B30-A316-4A5A-A5E9-9B2E9C98C9BA}"
EndProject
Global
	GlobalSection(SolutionConfigurationPlatforms) = preSolution
		Debug|Any CPU = Debug|Any CPU
		Release|Any CPU = Release|Any CPU
	EndGlobalSection
	GlobalSection(ProjectConfigurationPlatforms) = postSolution
		{F40F5B30-A316-4A5A-A5E9-9B2E9C98C9BA}.Debug|Any CPU.ActiveCfg = Debug|Any CPU
		{F40F5B30-A316-4A5A-A5E9-9B2E9C98C9BA}.Debug|Any CPU.Build.0 = Debug|Any CPU
		{F40F5B30-A316-4A5A-A5E9-9B2E9C98C9BA}.Release|Any CPU.ActiveCfg = Release|Any CPU
		{F40F5B30-A316-4A5A-A5E9-9B2E9C98C9BA}.Release|Any CPU.Build.0 = Release|Any CPU
	EndGlobalSection
	GlobalSection(SolutionProperties) = preSolution
		HideSolutionNode = FALSE
	EndGlobalSection
	GlobalSection(ExtensibilityGlobals) = postSolution
		SolutionGuid = {0E329249-8C09-48D7-A491-52A12C8CFBCC}
	EndGlobalSection
EndGlobal
